
Microsoft Visual Studio Solution File, Format Version 12.00
# Visual Studio Version 17
VisualStudioVersion = 17.1.32421.90
MinimumVisualStudioVersion = 10.0.40219.1
Project("{FAE04EC0-301F-11D3-BF4B-00C04F79EFBC}") = "svg2vsdx_gui", "svg2vsdx_gui\svg2vsdx_gui.csproj", "{43D8BFFD-4721-4901-862A-4EEBE109AB4E}"
EndProject
Global
	GlobalSection(SolutionConfigurationPlatforms) = preSolution
		Debug|Any CPU = Debug|Any CPU
		Release|Any CPU = Release|Any CPU
	EndGlobalSection
	GlobalSection(ProjectConfigurationPlatforms) = postSolution
		{43D8BFFD-4721-4901-862A-4EEBE109AB4E}.Debug|Any CPU.ActiveCfg = Debug|Any CPU
		{43D8BFFD-4721-4901-862A-4EEBE109AB4E}.Debug|Any CPU.Build.0 = Debug|Any CPU
		{43D8BFFD-4721-4901-862A-4EEBE109AB4E}.Release|Any CPU.ActiveCfg = Release|Any CPU
		{43D8BFFD-4721-4901-862A-4EEBE109AB4E}.Release|Any CPU.Build.0 = Release|Any CPU
	EndGlobalSection
	GlobalSection(SolutionProperties) = preSolution
		HideSolutionNode = FALSE
	EndGlobalSection
	GlobalSection(ExtensibilityGlobals) = postSolution
		SolutionGuid = {CFF40A93-E350-427D-9071-3E82D4003FCC}
	EndGlobalSection
EndGlobal
